
Microsoft Visual Studio Solution File, Format Version 12.00
# Visual Studio Version 17
VisualStudioVersion = 17.8.34408.163
MinimumVisualStudioVersion = 10.0.40219.1
Project("{9A19103F-16F7-4668-BE54-9A1E7A4F7556}") = "WestWindApp", "WestWindApp\WestWindApp.csproj", "{8AB41BBD-3F7F-413E-9303-C90E1EC46D36}"
EndProject
Project("{9A19103F-16F7-4668-BE54-9A1E7A4F7556}") = "WestWindSystem", "WestWindSystem\WestWindSystem.csproj", "{B5C985E7-3068-4755-895E-4F58AF9E1408}"
EndProject
Global
	GlobalSection(SolutionConfigurationPlatforms) = preSolution
		Debug|Any CPU = Debug|Any CPU
		Release|Any CPU = Release|Any CPU
	EndGlobalSection
	GlobalSection(ProjectConfigurationPlatforms) = postSolution
		{8AB41BBD-3F7F-413E-9303-C90E1EC46D36}.Debug|Any CPU.ActiveCfg = Debug|Any CPU
		{8AB41BBD-3F7F-413E-9303-C90E1EC46D36}.Debug|Any CPU.Build.0 = Debug|Any CPU
		{8AB41BBD-3F7F-413E-9303-C90E1EC46D36}.Release|Any CPU.ActiveCfg = Release|Any CPU
		{8AB41BBD-3F7F-413E-9303-C90E1EC46D36}.Release|Any CPU.Build.0 = Release|Any CPU
		{B5C985E7-3068-4755-895E-4F58AF9E1408}.Debug|Any CPU.ActiveCfg = Debug|Any CPU
		{B5C985E7-3068-4755-895E-4F58AF9E1408}.Debug|Any CPU.Build.0 = Debug|Any CPU
		{B5C985E7-3068-4755-895E-4F58AF9E1408}.Release|Any CPU.ActiveCfg = Release|Any CPU
		{B5C985E7-3068-4755-895E-4F58AF9E1408}.Release|Any CPU.Build.0 = Release|Any CPU
	EndGlobalSection
	GlobalSection(SolutionProperties) = preSolution
		HideSolutionNode = FALSE
	EndGlobalSection
	GlobalSection(ExtensibilityGlobals) = postSolution
		SolutionGuid = {DEDF5076-3B80-4102-99CF-31D7D617852B}
	EndGlobalSection
EndGlobal
